{
  "name": "git-review",
  "version": "1.0.0",
  "lockfileVersion": 3,
  "requires": true,
  "packages": {
    "": {
      "name": "git-review",
      "version": "1.0.0",
      "license": "ISC",
      "dependencies": {
        "chatgpt-api": "^0.0.6"
      }
    },
    "node_modules/chatgpt-api": {
      "version": "0.0.6",
      "resolved": "https://registry.npmjs.org/chatgpt-api/-/chatgpt-api-0.0.6.tgz",
      "integrity": "sha512-J4yOJEBU1sFN/ab9HQIAcPIKBTX1Q+dVEElM1xQi2zIwltgGgb5rjjOMgkNuxF1WZ1pu/kFVSrPcdx9RrjNwVg==",
      "engines": {
        "node": ">=6.0.0"
      }
    }
  }
}
